
Microsoft Visual Studio Solution File, Format Version 12.00
# Visual Studio 15
VisualStudioVersion = 15.0.28010.2046
MinimumVisualStudioVersion = 10.0.40219.1
Project("{FAE04EC0-301F-11D3-BF4B-00C04F79EFBC}") = "CoreBank", "CoreBank\CoreBank.csproj", "{C595A824-955A-49B5-8837-B179F4DB444B}"
EndProject
Global
	GlobalSection(SolutionConfigurationPlatforms) = preSolution
		Debug|Any CPU = Debug|Any CPU
		Release|Any CPU = Release|Any CPU
	EndGlobalSection
	GlobalSection(ProjectConfigurationPlatforms) = postSolution
		{C595A824-955A-49B5-8837-B179F4DB444B}.Debug|Any CPU.ActiveCfg = Debug|Any CPU
		{C595A824-955A-49B5-8837-B179F4DB444B}.Debug|Any CPU.Build.0 = Debug|Any CPU
		{C595A824-955A-49B5-8837-B179F4DB444B}.Release|Any CPU.ActiveCfg = Release|Any CPU
		{C595A824-955A-49B5-8837-B179F4DB444B}.Release|Any CPU.Build.0 = Release|Any CPU
	EndGlobalSection
	GlobalSection(SolutionProperties) = preSolution
		HideSolutionNode = FALSE
	EndGlobalSection
	GlobalSection(ExtensibilityGlobals) = postSolution
		SolutionGuid = {22C0A4D6-EC80-4FA7-8C95-F9A004FA794B}
	EndGlobalSection
EndGlobal
